// !$*UTF8*$!
{
	archiveVersion = 1;
	classes = {
	};
	objectVersion = 51;
	objects = {

/* Begin PBXBuildFile section */
		72CAAF4FCB0CE68A63A1C963 /* Pods_Armoire.framework in Frameworks */ = {isa = PBXBuildFile; fileRef = 850AD35AB4ABB34A197A0BFC /* Pods_Armoire.framework */; };
		C60003DA25D8C26A008472BB /* CriticChatScreen.swift in Sources */ = {isa = PBXBuildFile; fileRef = C60003D925D8C26A008472BB /* CriticChatScreen.swift */; };
		C60003DE25D8C379008472BB /* Message.swift in Sources */ = {isa = PBXBuildFile; fileRef = C60003DD25D8C379008472BB /* Message.swift */; };
		C60003E225D8C3C0008472BB /* MessageCell.swift in Sources */ = {isa = PBXBuildFile; fileRef = C60003E125D8C3C0008472BB /* MessageCell.swift */; };
		C60003E725D8D30A008472BB /* CriticListScreen.swift in Sources */ = {isa = PBXBuildFile; fileRef = C60003E625D8D30A008472BB /* CriticListScreen.swift */; };
		C601983A25B78383004B4203 /* AppDelegate.swift in Sources */ = {isa = PBXBuildFile; fileRef = C601983925B78383004B4203 /* AppDelegate.swift */; };
		C601983C25B78383004B4203 /* SceneDelegate.swift in Sources */ = {isa = PBXBuildFile; fileRef = C601983B25B78383004B4203 /* SceneDelegate.swift */; };
		C601983E25B78383004B4203 /* ClosetScreen.swift in Sources */ = {isa = PBXBuildFile; fileRef = C601983D25B78383004B4203 /* ClosetScreen.swift */; };
		C601984625B78386004B4203 /* Assets.xcassets in Resources */ = {isa = PBXBuildFile; fileRef = C601984525B78386004B4203 /* Assets.xcassets */; };
		C601987925B78421004B4203 /* Quicksand-Bold.ttf in Resources */ = {isa = PBXBuildFile; fileRef = C601987425B78421004B4203 /* Quicksand-Bold.ttf */; };
		C601987A25B78421004B4203 /* Quicksand-Light.ttf in Resources */ = {isa = PBXBuildFile; fileRef = C601987525B78421004B4203 /* Quicksand-Light.ttf */; };
		C601987B25B78421004B4203 /* Quicksand-Medium.ttf in Resources */ = {isa = PBXBuildFile; fileRef = C601987625B78421004B4203 /* Quicksand-Medium.ttf */; };
		C601987C25B78421004B4203 /* Quicksand-SemiBold.ttf in Resources */ = {isa = PBXBuildFile; fileRef = C601987725B78421004B4203 /* Quicksand-SemiBold.ttf */; };
		C601987D25B78421004B4203 /* Quicksand-Regular.ttf in Resources */ = {isa = PBXBuildFile; fileRef = C601987825B78421004B4203 /* Quicksand-Regular.ttf */; };
		C601988325B7843B004B4203 /* constants.swift in Sources */ = {isa = PBXBuildFile; fileRef = C601988225B7843B004B4203 /* constants.swift */; };
		C601AD0725D85397005E8711 /* EditTitleField.swift in Sources */ = {isa = PBXBuildFile; fileRef = C601AD0625D85397005E8711 /* EditTitleField.swift */; };
		C60E9F8125BA358C00D97991 /* Folder.swift in Sources */ = {isa = PBXBuildFile; fileRef = C60E9F8025BA358C00D97991 /* Folder.swift */; };
		C60E9F8A25BA37FA00D97991 /* UIColor+Ext.swift in Sources */ = {isa = PBXBuildFile; fileRef = C60E9F8925BA37FA00D97991 /* UIColor+Ext.swift */; };
		C615893E25E1A5DA00FBB5EE /* CellType.swift in Sources */ = {isa = PBXBuildFile; fileRef = C615893D25E1A5DA00FBB5EE /* CellType.swift */; };
		C6216D4225D9C45900DBE66F /* CriticChatCell.swift in Sources */ = {isa = PBXBuildFile; fileRef = C6216D4125D9C45900DBE66F /* CriticChatCell.swift */; };
		C626955A25EE99DA00256208 /* LoginScreen.swift in Sources */ = {isa = PBXBuildFile; fileRef = C626955925EE99DA00256208 /* LoginScreen.swift */; };
		C62E0C4025B8BC110078065A /* AMBodyLabel.swift in Sources */ = {isa = PBXBuildFile; fileRef = C62E0C3F25B8BC110078065A /* AMBodyLabel.swift */; };
		C62E9D2825D48914007FE502 /* ItemSearchScreen.swift in Sources */ = {isa = PBXBuildFile; fileRef = C62E9D2725D48914007FE502 /* ItemSearchScreen.swift */; };
		C62E9D2C25D4B00B007FE502 /* String+Ext.swift in Sources */ = {isa = PBXBuildFile; fileRef = C62E9D2B25D4B00B007FE502 /* String+Ext.swift */; };
		C63B0B6425B8C2180065F813 /* AMTextField.swift in Sources */ = {isa = PBXBuildFile; fileRef = C63B0B6325B8C2180065F813 /* AMTextField.swift */; };
		C63B0B6F25B8DACD0065F813 /* FolderScreen.swift in Sources */ = {isa = PBXBuildFile; fileRef = C63B0B6E25B8DACD0065F813 /* FolderScreen.swift */; };
		C63B0B7525B8DCE20065F813 /* ClothingCell.swift in Sources */ = {isa = PBXBuildFile; fileRef = C63B0B7425B8DCE20065F813 /* ClothingCell.swift */; };
		C63B0B7D25B8DCEA0065F813 /* FolderCell.swift in Sources */ = {isa = PBXBuildFile; fileRef = C63B0B7C25B8DCEA0065F813 /* FolderCell.swift */; };
		C63B0B8225B8F08E0065F813 /* ClothingScreen.swift in Sources */ = {isa = PBXBuildFile; fileRef = C63B0B8125B8F08E0065F813 /* ClothingScreen.swift */; };
		C63B0B8C25B931980065F813 /* FolderDataSource.swift in Sources */ = {isa = PBXBuildFile; fileRef = C63B0B8B25B931980065F813 /* FolderDataSource.swift */; };
		C648380C25C5DC0800C8082B /* Clothing.swift in Sources */ = {isa = PBXBuildFile; fileRef = C648380B25C5DC0800C8082B /* Clothing.swift */; };
		C648381425C5E30400C8082B /* Date+Ext.swift in Sources */ = {isa = PBXBuildFile; fileRef = C648381325C5E30400C8082B /* Date+Ext.swift */; };
		C648381D25C607C600C8082B /* FirebaseManager.swift in Sources */ = {isa = PBXBuildFile; fileRef = C648381C25C607C600C8082B /* FirebaseManager.swift */; };
		C648382225C608BB00C8082B /* GoogleService-Info.plist in Resources */ = {isa = PBXBuildFile; fileRef = C648382125C608BB00C8082B /* GoogleService-Info.plist */; };
		C648386F25C619F000C8082B /* AMError.swift in Sources */ = {isa = PBXBuildFile; fileRef = C648386E25C619F000C8082B /* AMError.swift */; };
		C64CDAEF25D2112B005F3ACD /* ClothingFormScreen.swift in Sources */ = {isa = PBXBuildFile; fileRef = C64CDAEE25D2112B005F3ACD /* ClothingFormScreen.swift */; };
		C658E7C925B7896E000F8F50 /* UIHelper.swift in Sources */ = {isa = PBXBuildFile; fileRef = C658E7C825B7896E000F8F50 /* UIHelper.swift */; };
		C658E7CE25B78D31000F8F50 /* AMNavigationController.swift in Sources */ = {isa = PBXBuildFile; fileRef = C658E7CD25B78D31000F8F50 /* AMNavigationController.swift */; };
		C658E7D925B78FE8000F8F50 /* previews.swift in Sources */ = {isa = PBXBuildFile; fileRef = C658E7D825B78FE8000F8F50 /* previews.swift */; };
		C658E7E125B7901F000F8F50 /* AMTabBarController.swift in Sources */ = {isa = PBXBuildFile; fileRef = C658E7E025B7901F000F8F50 /* AMTabBarController.swift */; };
		C66D718925BE0BEE008BC818 /* UIStackView+Ext.swift in Sources */ = {isa = PBXBuildFile; fileRef = C66D718825BE0BEE008BC818 /* UIStackView+Ext.swift */; };
		C66F9DE925E1DF1A00B04144 /* ProfileHeaderView.swift in Sources */ = {isa = PBXBuildFile; fileRef = C66F9DE825E1DF1A00B04144 /* ProfileHeaderView.swift */; };
		C66F9E1125E1EDFC00B04144 /* UsernameScreen.swift in Sources */ = {isa = PBXBuildFile; fileRef = C66F9E1025E1EDFC00B04144 /* UsernameScreen.swift */; };
		C66F9E1425E1EE0800B04144 /* EmailScreen.swift in Sources */ = {isa = PBXBuildFile; fileRef = C66F9E1325E1EE0800B04144 /* EmailScreen.swift */; };
		C66F9E1725E1EE1300B04144 /* PasswordScreen.swift in Sources */ = {isa = PBXBuildFile; fileRef = C66F9E1625E1EE1300B04144 /* PasswordScreen.swift */; };
		C66F9E1A25E1EE1A00B04144 /* AvatarScreen.swift in Sources */ = {isa = PBXBuildFile; fileRef = C66F9E1925E1EE1A00B04144 /* AvatarScreen.swift */; };
		C670A0F825BD31CA000A1405 /* AMBarButtonItem.swift in Sources */ = {isa = PBXBuildFile; fileRef = C670A0F725BD31CA000A1405 /* AMBarButtonItem.swift */; };
		C6716F2325C106DC00D0CFF2 /* PrimaryFieldsViewController.swift in Sources */ = {isa = PBXBuildFile; fileRef = C6716F2225C106DC00D0CFF2 /* PrimaryFieldsViewController.swift */; };
		C671BE5F25C0D3C7002D1B62 /* AdditionalFieldsView.swift in Sources */ = {isa = PBXBuildFile; fileRef = C671BE5E25C0D3C6002D1B62 /* AdditionalFieldsView.swift */; };
		C673CFFE25B7ABE800D3E765 /* ProfileScreen.swift in Sources */ = {isa = PBXBuildFile; fileRef = C673CFFD25B7ABE800D3E765 /* ProfileScreen.swift */; };
		C673D00625B7AC3C00D3E765 /* RunwayScreen.swift in Sources */ = {isa = PBXBuildFile; fileRef = C673D00525B7AC3C00D3E765 /* RunwayScreen.swift */; };
		C67E11C425CCABE500D0E77C /* AMLinkButton.swift in Sources */ = {isa = PBXBuildFile; fileRef = C67E11C325CCABE400D0E77C /* AMLinkButton.swift */; };
		C6839A9625E1A8880065153D /* AvatarCell.swift in Sources */ = {isa = PBXBuildFile; fileRef = C6839A9525E1A8880065153D /* AvatarCell.swift */; };
		C6839AA125E1B1DE0065153D /* AccountScreen.swift in Sources */ = {isa = PBXBuildFile; fileRef = C6839AA025E1B1DE0065153D /* AccountScreen.swift */; };
		C6839AA425E1B1FC0065153D /* NotificationsScreen.swift in Sources */ = {isa = PBXBuildFile; fileRef = C6839AA325E1B1FC0065153D /* NotificationsScreen.swift */; };
		C6839AA725E1B2030065153D /* AboutScreen.swift in Sources */ = {isa = PBXBuildFile; fileRef = C6839AA625E1B2030065153D /* AboutScreen.swift */; };
		C6839AAA25E1B20A0065153D /* TipJarScreen.swift in Sources */ = {isa = PBXBuildFile; fileRef = C6839AA925E1B20A0065153D /* TipJarScreen.swift */; };
		C68BCD5A25C732E20002B376 /* User.swift in Sources */ = {isa = PBXBuildFile; fileRef = C68BCD5925C732E20002B376 /* User.swift */; };
		C68BCD7325C76C3C0002B376 /* UIViewController+Ext.swift in Sources */ = {isa = PBXBuildFile; fileRef = C68BCD7225C76C3C0002B376 /* UIViewController+Ext.swift */; };
		C6A9C1D425B7CE8600C22F29 /* AMButton.swift in Sources */ = {isa = PBXBuildFile; fileRef = C6A9C1D325B7CE8600C22F29 /* AMButton.swift */; };
		C6AA152D25BCBD0E0095ADA0 /* AMTextView.swift in Sources */ = {isa = PBXBuildFile; fileRef = C6AA152C25BCBD0E0095ADA0 /* AMTextView.swift */; };
		C6AA153225BCBDF00095ADA0 /* AMSwitch.swift in Sources */ = {isa = PBXBuildFile; fileRef = C6AA153125BCBDF00095ADA0 /* AMSwitch.swift */; };
		C6AA153725BCC58D0095ADA0 /* ClothesDataSource.swift in Sources */ = {isa = PBXBuildFile; fileRef = C6AA153625BCC58D0095ADA0 /* ClothesDataSource.swift */; };
		C6AC1BA325CA0A780076777B /* NetworkManager.swift in Sources */ = {isa = PBXBuildFile; fileRef = C6AC1BA225CA0A780076777B /* NetworkManager.swift */; };
		C6AC1BA725CA0B190076777B /* AMImageView.swift in Sources */ = {isa = PBXBuildFile; fileRef = C6AC1BA625CA0B190076777B /* AMImageView.swift */; };
		C6B0A4A925D345EC0090A70F /* RunwayCell.swift in Sources */ = {isa = PBXBuildFile; fileRef = C6B0A4A825D345EC0090A70F /* RunwayCell.swift */; };
		C6B0A4AD25D34D780090A70F /* Runway.swift in Sources */ = {isa = PBXBuildFile; fileRef = C6B0A4AC25D34D780090A70F /* Runway.swift */; };
		C6B0A4B125D357430090A70F /* RunwayDataSource.swift in Sources */ = {isa = PBXBuildFile; fileRef = C6B0A4B025D357430090A70F /* RunwayDataSource.swift */; };
		C6C13A9425CCD70E007CE2E1 /* ImageViewerScreen.swift in Sources */ = {isa = PBXBuildFile; fileRef = C6C13A9325CCD70E007CE2E1 /* ImageViewerScreen.swift */; };
		C6C6D4F125BE15F300E4C0B8 /* UITableView+Ext.swift in Sources */ = {isa = PBXBuildFile; fileRef = C6C6D4F025BE15F300E4C0B8 /* UITableView+Ext.swift */; };
		C6D8C60D25CF950E00B49301 /* FolderFormScreen.swift in Sources */ = {isa = PBXBuildFile; fileRef = C6D8C60C25CF950E00B49301 /* FolderFormScreen.swift */; };
		C6DFC04325BF5269002BC018 /* CanvasControlsView.swift in Sources */ = {isa = PBXBuildFile; fileRef = C6DFC04225BF5269002BC018 /* CanvasControlsView.swift */; };
		C6DFC04825BF77E6002BC018 /* AMCanvasButton.swift in Sources */ = {isa = PBXBuildFile; fileRef = C6DFC04725BF77E6002BC018 /* AMCanvasButton.swift */; };
		C6EAA14825BE1FB900C727B3 /* CanvasScreen.swift in Sources */ = {isa = PBXBuildFile; fileRef = C6EAA14725BE1FB900C727B3 /* CanvasScreen.swift */; };
		C6EAA14D25BE214300C727B3 /* CanvasScene.swift in Sources */ = {isa = PBXBuildFile; fileRef = C6EAA14C25BE214300C727B3 /* CanvasScene.swift */; };
		C6EE84BB25B8BE8000986BF4 /* AMPrimaryLabel.swift in Sources */ = {isa = PBXBuildFile; fileRef = C6EE84BA25B8BE8000986BF4 /* AMPrimaryLabel.swift */; };
/* End PBXBuildFile section */

/* Begin PBXFileReference section */
		345BABCA796DCB781B1DF126 /* Pods-Armoire.debug.xcconfig */ = {isa = PBXFileReference; includeInIndex = 1; lastKnownFileType = text.xcconfig; name = "Pods-Armoire.debug.xcconfig"; path = "Target Support Files/Pods-Armoire/Pods-Armoire.debug.xcconfig"; sourceTree = "<group>"; };
		850AD35AB4ABB34A197A0BFC /* Pods_Armoire.framework */ = {isa = PBXFileReference; explicitFileType = wrapper.framework; includeInIndex = 0; path = Pods_Armoire.framework; sourceTree = BUILT_PRODUCTS_DIR; };
		C60003D925D8C26A008472BB /* CriticChatScreen.swift */ = {isa = PBXFileReference; lastKnownFileType = sourcecode.swift; path = CriticChatScreen.swift; sourceTree = "<group>"; };
		C60003DD25D8C379008472BB /* Message.swift */ = {isa = PBXFileReference; lastKnownFileType = sourcecode.swift; path = Message.swift; sourceTree = "<group>"; };
		C60003E125D8C3C0008472BB /* MessageCell.swift */ = {isa = PBXFileReference; lastKnownFileType = sourcecode.swift; path = MessageCell.swift; sourceTree = "<group>"; };
		C60003E625D8D30A008472BB /* CriticListScreen.swift */ = {isa = PBXFileReference; lastKnownFileType = sourcecode.swift; path = CriticListScreen.swift; sourceTree = "<group>"; };
		C601983625B78383004B4203 /* Armoire.app */ = {isa = PBXFileReference; explicitFileType = wrapper.application; includeInIndex = 0; path = Armoire.app; sourceTree = BUILT_PRODUCTS_DIR; };
		C601983925B78383004B4203 /* AppDelegate.swift */ = {isa = PBXFileReference; lastKnownFileType = sourcecode.swift; path = AppDelegate.swift; sourceTree = "<group>"; };
		C601983B25B78383004B4203 /* SceneDelegate.swift */ = {isa = PBXFileReference; lastKnownFileType = sourcecode.swift; path = SceneDelegate.swift; sourceTree = "<group>"; };
		C601983D25B78383004B4203 /* ClosetScreen.swift */ = {isa = PBXFileReference; lastKnownFileType = sourcecode.swift; path = ClosetScreen.swift; sourceTree = "<group>"; };
		C601984525B78386004B4203 /* Assets.xcassets */ = {isa = PBXFileReference; lastKnownFileType = folder.assetcatalog; path = Assets.xcassets; sourceTree = "<group>"; };
		C601984A25B78386004B4203 /* Info.plist */ = {isa = PBXFileReference; lastKnownFileType = text.plist.xml; path = Info.plist; sourceTree = "<group>"; };
		C601987425B78421004B4203 /* Quicksand-Bold.ttf */ = {isa = PBXFileReference; lastKnownFileType = file; path = "Quicksand-Bold.ttf"; sourceTree = "<group>"; };
		C601987525B78421004B4203 /* Quicksand-Light.ttf */ = {isa = PBXFileReference; lastKnownFileType = file; path = "Quicksand-Light.ttf"; sourceTree = "<group>"; };
		C601987625B78421004B4203 /* Quicksand-Medium.ttf */ = {isa = PBXFileReference; lastKnownFileType = file; path = "Quicksand-Medium.ttf"; sourceTree = "<group>"; };
		C601987725B78421004B4203 /* Quicksand-SemiBold.ttf */ = {isa = PBXFileReference; lastKnownFileType = file; path = "Quicksand-SemiBold.ttf"; sourceTree = "<group>"; };
		C601987825B78421004B4203 /* Quicksand-Regular.ttf */ = {isa = PBXFileReference; lastKnownFileType = file; path = "Quicksand-Regular.ttf"; sourceTree = "<group>"; };
		C601988225B7843B004B4203 /* constants.swift */ = {isa = PBXFileReference; lastKnownFileType = sourcecode.swift; path = constants.swift; sourceTree = "<group>"; };
		C601AD0625D85397005E8711 /* EditTitleField.swift */ = {isa = PBXFileReference; lastKnownFileType = sourcecode.swift; path = EditTitleField.swift; sourceTree = "<group>"; };
		C60E9F8025BA358C00D97991 /* Folder.swift */ = {isa = PBXFileReference; lastKnownFileType = sourcecode.swift; path = Folder.swift; sourceTree = "<group>"; };
		C60E9F8925BA37FA00D97991 /* UIColor+Ext.swift */ = {isa = PBXFileReference; lastKnownFileType = sourcecode.swift; path = "UIColor+Ext.swift"; sourceTree = "<group>"; };
		C615893D25E1A5DA00FBB5EE /* CellType.swift */ = {isa = PBXFileReference; lastKnownFileType = sourcecode.swift; path = CellType.swift; sourceTree = "<group>"; };
		C6216D4125D9C45900DBE66F /* CriticChatCell.swift */ = {isa = PBXFileReference; lastKnownFileType = sourcecode.swift; path = CriticChatCell.swift; sourceTree = "<group>"; };
		C626955925EE99DA00256208 /* LoginScreen.swift */ = {isa = PBXFileReference; lastKnownFileType = sourcecode.swift; path = LoginScreen.swift; sourceTree = "<group>"; };
		C62E0C3F25B8BC110078065A /* AMBodyLabel.swift */ = {isa = PBXFileReference; lastKnownFileType = sourcecode.swift; path = AMBodyLabel.swift; sourceTree = "<group>"; };
		C62E9D2725D48914007FE502 /* ItemSearchScreen.swift */ = {isa = PBXFileReference; lastKnownFileType = sourcecode.swift; path = ItemSearchScreen.swift; sourceTree = "<group>"; };
		C62E9D2B25D4B00B007FE502 /* String+Ext.swift */ = {isa = PBXFileReference; lastKnownFileType = sourcecode.swift; path = "String+Ext.swift"; sourceTree = "<group>"; };
		C63B0B6325B8C2180065F813 /* AMTextField.swift */ = {isa = PBXFileReference; lastKnownFileType = sourcecode.swift; path = AMTextField.swift; sourceTree = "<group>"; };
		C63B0B6E25B8DACD0065F813 /* FolderScreen.swift */ = {isa = PBXFileReference; lastKnownFileType = sourcecode.swift; path = FolderScreen.swift; sourceTree = "<group>"; };
		C63B0B7425B8DCE20065F813 /* ClothingCell.swift */ = {isa = PBXFileReference; lastKnownFileType = sourcecode.swift; path = ClothingCell.swift; sourceTree = "<group>"; };
		C63B0B7C25B8DCEA0065F813 /* FolderCell.swift */ = {isa = PBXFileReference; lastKnownFileType = sourcecode.swift; path = FolderCell.swift; sourceTree = "<group>"; };
		C63B0B8125B8F08E0065F813 /* ClothingScreen.swift */ = {isa = PBXFileReference; lastKnownFileType = sourcecode.swift; path = ClothingScreen.swift; sourceTree = "<group>"; };
		C63B0B8B25B931980065F813 /* FolderDataSource.swift */ = {isa = PBXFileReference; lastKnownFileType = sourcecode.swift; path = FolderDataSource.swift; sourceTree = "<group>"; };
		C648380B25C5DC0800C8082B /* Clothing.swift */ = {isa = PBXFileReference; lastKnownFileType = sourcecode.swift; path = Clothing.swift; sourceTree = "<group>"; };
		C648381325C5E30400C8082B /* Date+Ext.swift */ = {isa = PBXFileReference; lastKnownFileType = sourcecode.swift; path = "Date+Ext.swift"; sourceTree = "<group>"; };
		C648381C25C607C600C8082B /* FirebaseManager.swift */ = {isa = PBXFileReference; lastKnownFileType = sourcecode.swift; path = FirebaseManager.swift; sourceTree = "<group>"; };
		C648382125C608BB00C8082B /* GoogleService-Info.plist */ = {isa = PBXFileReference; fileEncoding = 4; lastKnownFileType = text.plist.xml; path = "GoogleService-Info.plist"; sourceTree = "<group>"; };
		C648386E25C619F000C8082B /* AMError.swift */ = {isa = PBXFileReference; lastKnownFileType = sourcecode.swift; path = AMError.swift; sourceTree = "<group>"; };
		C64CDAEE25D2112B005F3ACD /* ClothingFormScreen.swift */ = {isa = PBXFileReference; lastKnownFileType = sourcecode.swift; path = ClothingFormScreen.swift; sourceTree = "<group>"; };
		C658E7C825B7896E000F8F50 /* UIHelper.swift */ = {isa = PBXFileReference; lastKnownFileType = sourcecode.swift; path = UIHelper.swift; sourceTree = "<group>"; };
		C658E7CD25B78D31000F8F50 /* AMNavigationController.swift */ = {isa = PBXFileReference; lastKnownFileType = sourcecode.swift; path = AMNavigationController.swift; sourceTree = "<group>"; };
		C658E7D825B78FE8000F8F50 /* previews.swift */ = {isa = PBXFileReference; lastKnownFileType = sourcecode.swift; path = previews.swift; sourceTree = "<group>"; };
		C658E7E025B7901F000F8F50 /* AMTabBarController.swift */ = {isa = PBXFileReference; lastKnownFileType = sourcecode.swift; path = AMTabBarController.swift; sourceTree = "<group>"; };
		C66D718825BE0BEE008BC818 /* UIStackView+Ext.swift */ = {isa = PBXFileReference; lastKnownFileType = sourcecode.swift; path = "UIStackView+Ext.swift"; sourceTree = "<group>"; };
		C66F9DE825E1DF1A00B04144 /* ProfileHeaderView.swift */ = {isa = PBXFileReference; lastKnownFileType = sourcecode.swift; path = ProfileHeaderView.swift; sourceTree = "<group>"; };
		C66F9E1025E1EDFC00B04144 /* UsernameScreen.swift */ = {isa = PBXFileReference; lastKnownFileType = sourcecode.swift; path = UsernameScreen.swift; sourceTree = "<group>"; };
		C66F9E1325E1EE0800B04144 /* EmailScreen.swift */ = {isa = PBXFileReference; lastKnownFileType = sourcecode.swift; path = EmailScreen.swift; sourceTree = "<group>"; };
		C66F9E1625E1EE1300B04144 /* PasswordScreen.swift */ = {isa = PBXFileReference; lastKnownFileType = sourcecode.swift; path = PasswordScreen.swift; sourceTree = "<group>"; };
		C66F9E1925E1EE1A00B04144 /* AvatarScreen.swift */ = {isa = PBXFileReference; lastKnownFileType = sourcecode.swift; path = AvatarScreen.swift; sourceTree = "<group>"; };
		C670A0F725BD31CA000A1405 /* AMBarButtonItem.swift */ = {isa = PBXFileReference; lastKnownFileType = sourcecode.swift; path = AMBarButtonItem.swift; sourceTree = "<group>"; };
		C6716F2225C106DC00D0CFF2 /* PrimaryFieldsViewController.swift */ = {isa = PBXFileReference; lastKnownFileType = sourcecode.swift; path = PrimaryFieldsViewController.swift; sourceTree = "<group>"; };
		C671BE5E25C0D3C6002D1B62 /* AdditionalFieldsView.swift */ = {isa = PBXFileReference; lastKnownFileType = sourcecode.swift; path = AdditionalFieldsView.swift; sourceTree = "<group>"; };
		C673CFFD25B7ABE800D3E765 /* ProfileScreen.swift */ = {isa = PBXFileReference; lastKnownFileType = sourcecode.swift; path = ProfileScreen.swift; sourceTree = "<group>"; };
		C673D00525B7AC3C00D3E765 /* RunwayScreen.swift */ = {isa = PBXFileReference; lastKnownFileType = sourcecode.swift; path = RunwayScreen.swift; sourceTree = "<group>"; };
		C67E11C325CCABE400D0E77C /* AMLinkButton.swift */ = {isa = PBXFileReference; lastKnownFileType = sourcecode.swift; path = AMLinkButton.swift; sourceTree = "<group>"; };
		C6839A9525E1A8880065153D /* AvatarCell.swift */ = {isa = PBXFileReference; lastKnownFileType = sourcecode.swift; path = AvatarCell.swift; sourceTree = "<group>"; };
		C6839AA025E1B1DE0065153D /* AccountScreen.swift */ = {isa = PBXFileReference; lastKnownFileType = sourcecode.swift; path = AccountScreen.swift; sourceTree = "<group>"; };
		C6839AA325E1B1FC0065153D /* NotificationsScreen.swift */ = {isa = PBXFileReference; lastKnownFileType = sourcecode.swift; path = NotificationsScreen.swift; sourceTree = "<group>"; };
		C6839AA625E1B2030065153D /* AboutScreen.swift */ = {isa = PBXFileReference; lastKnownFileType = sourcecode.swift; path = AboutScreen.swift; sourceTree = "<group>"; };
		C6839AA925E1B20A0065153D /* TipJarScreen.swift */ = {isa = PBXFileReference; lastKnownFileType = sourcecode.swift; path = TipJarScreen.swift; sourceTree = "<group>"; };
		C68BCD5925C732E20002B376 /* User.swift */ = {isa = PBXFileReference; lastKnownFileType = sourcecode.swift; path = User.swift; sourceTree = "<group>"; };
		C68BCD7225C76C3C0002B376 /* UIViewController+Ext.swift */ = {isa = PBXFileReference; lastKnownFileType = sourcecode.swift; path = "UIViewController+Ext.swift"; sourceTree = "<group>"; };
		C6A9C1D325B7CE8600C22F29 /* AMButton.swift */ = {isa = PBXFileReference; lastKnownFileType = sourcecode.swift; path = AMButton.swift; sourceTree = "<group>"; };
		C6AA152C25BCBD0E0095ADA0 /* AMTextView.swift */ = {isa = PBXFileReference; lastKnownFileType = sourcecode.swift; path = AMTextView.swift; sourceTree = "<group>"; };
		C6AA153125BCBDF00095ADA0 /* AMSwitch.swift */ = {isa = PBXFileReference; lastKnownFileType = sourcecode.swift; path = AMSwitch.swift; sourceTree = "<group>"; };
		C6AA153625BCC58D0095ADA0 /* ClothesDataSource.swift */ = {isa = PBXFileReference; lastKnownFileType = sourcecode.swift; path = ClothesDataSource.swift; sourceTree = "<group>"; };
		C6AC1BA225CA0A780076777B /* NetworkManager.swift */ = {isa = PBXFileReference; lastKnownFileType = sourcecode.swift; path = NetworkManager.swift; sourceTree = "<group>"; };
		C6AC1BA625CA0B190076777B /* AMImageView.swift */ = {isa = PBXFileReference; lastKnownFileType = sourcecode.swift; path = AMImageView.swift; sourceTree = "<group>"; };
		C6B0A4A825D345EC0090A70F /* RunwayCell.swift */ = {isa = PBXFileReference; lastKnownFileType = sourcecode.swift; path = RunwayCell.swift; sourceTree = "<group>"; };
		C6B0A4AC25D34D780090A70F /* Runway.swift */ = {isa = PBXFileReference; lastKnownFileType = sourcecode.swift; path = Runway.swift; sourceTree = "<group>"; };
		C6B0A4B025D357430090A70F /* RunwayDataSource.swift */ = {isa = PBXFileReference; lastKnownFileType = sourcecode.swift; path = RunwayDataSource.swift; sourceTree = "<group>"; };
		C6C13A9325CCD70E007CE2E1 /* ImageViewerScreen.swift */ = {isa = PBXFileReference; lastKnownFileType = sourcecode.swift; path = ImageViewerScreen.swift; sourceTree = "<group>"; };
		C6C6D4F025BE15F300E4C0B8 /* UITableView+Ext.swift */ = {isa = PBXFileReference; lastKnownFileType = sourcecode.swift; path = "UITableView+Ext.swift"; sourceTree = "<group>"; };
		C6D8C60C25CF950E00B49301 /* FolderFormScreen.swift */ = {isa = PBXFileReference; lastKnownFileType = sourcecode.swift; path = FolderFormScreen.swift; sourceTree = "<group>"; };
		C6DFC04225BF5269002BC018 /* CanvasControlsView.swift */ = {isa = PBXFileReference; lastKnownFileType = sourcecode.swift; path = CanvasControlsView.swift; sourceTree = "<group>"; };
		C6DFC04725BF77E6002BC018 /* AMCanvasButton.swift */ = {isa = PBXFileReference; lastKnownFileType = sourcecode.swift; path = AMCanvasButton.swift; sourceTree = "<group>"; };
		C6EAA14725BE1FB900C727B3 /* CanvasScreen.swift */ = {isa = PBXFileReference; lastKnownFileType = sourcecode.swift; path = CanvasScreen.swift; sourceTree = "<group>"; };
		C6EAA14C25BE214300C727B3 /* CanvasScene.swift */ = {isa = PBXFileReference; lastKnownFileType = sourcecode.swift; path = CanvasScene.swift; sourceTree = "<group>"; };
		C6EE84BA25B8BE8000986BF4 /* AMPrimaryLabel.swift */ = {isa = PBXFileReference; lastKnownFileType = sourcecode.swift; path = AMPrimaryLabel.swift; sourceTree = "<group>"; };
		F3B933E3C3206FEB502DAD33 /* Pods-Armoire.release.xcconfig */ = {isa = PBXFileReference; includeInIndex = 1; lastKnownFileType = text.xcconfig; name = "Pods-Armoire.release.xcconfig"; path = "Target Support Files/Pods-Armoire/Pods-Armoire.release.xcconfig"; sourceTree = "<group>"; };
/* End PBXFileReference section */

/* Begin PBXFrameworksBuildPhase section */
		C601983325B78383004B4203 /* Frameworks */ = {
			isa = PBXFrameworksBuildPhase;
			buildActionMask = 2147483647;
			files = (
				72CAAF4FCB0CE68A63A1C963 /* Pods_Armoire.framework in Frameworks */,
			);
			runOnlyForDeploymentPostprocessing = 0;
		};
/* End PBXFrameworksBuildPhase section */

/* Begin PBXGroup section */
		440A7847417C9C4490CE79ED /* Pods */ = {
			isa = PBXGroup;
			children = (
				345BABCA796DCB781B1DF126 /* Pods-Armoire.debug.xcconfig */,
				F3B933E3C3206FEB502DAD33 /* Pods-Armoire.release.xcconfig */,
			);
			path = Pods;
			sourceTree = "<group>";
		};
		C601982D25B78383004B4203 = {
			isa = PBXGroup;
			children = (
				C601983825B78383004B4203 /* Armoire */,
				C601983725B78383004B4203 /* Products */,
				440A7847417C9C4490CE79ED /* Pods */,
				C86EE372AD7C8F456C07EF99 /* Frameworks */,
			);
			sourceTree = "<group>";
		};
		C601983725B78383004B4203 /* Products */ = {
			isa = PBXGroup;
			children = (
				C601983625B78383004B4203 /* Armoire.app */,
			);
			name = Products;
			sourceTree = "<group>";
		};
		C601983825B78383004B4203 /* Armoire */ = {
			isa = PBXGroup;
			children = (
				C601988925B784A5004B4203 /* Application */,
				C601987325B78411004B4203 /* Assets */,
				C648381B25C607AE00C8082B /* Managers */,
				C60E9F7F25BA357300D97991 /* Models */,
				C601988725B78483004B4203 /* Screens */,
				C658E7BC25B7890B000F8F50 /* Subclasses */,
				C601988125B78429004B4203 /* Utilities */,
				C601984A25B78386004B4203 /* Info.plist */,
			);
			path = Armoire;
			sourceTree = "<group>";
		};
		C601987325B78411004B4203 /* Assets */ = {
			isa = PBXGroup;
			children = (
				C601984525B78386004B4203 /* Assets.xcassets */,
				C66D717425BDED68008BC818 /* Fonts */,
			);
			path = Assets;
			sourceTree = "<group>";
		};
		C601988125B78429004B4203 /* Utilities */ = {
			isa = PBXGroup;
			children = (
				C60E9F8825BA37F100D97991 /* Extensions */,
				C648386E25C619F000C8082B /* AMError.swift */,
				C615893D25E1A5DA00FBB5EE /* CellType.swift */,
				C601988225B7843B004B4203 /* constants.swift */,
				C658E7D825B78FE8000F8F50 /* previews.swift */,
				C658E7C825B7896E000F8F50 /* UIHelper.swift */,
			);
			path = Utilities;
			sourceTree = "<group>";
		};
		C601988725B78483004B4203 /* Screens */ = {
			isa = PBXGroup;
			children = (
				C673CFF825B7ABA100D3E765 /* Closet */,
				C673CFFB25B7ABCF00D3E765 /* Profile */,
				C673CFFC25B7ABD700D3E765 /* Runway */,
				C626955925EE99DA00256208 /* LoginScreen.swift */,
			);
			path = Screens;
			sourceTree = "<group>";
		};
		C601988925B784A5004B4203 /* Application */ = {
			isa = PBXGroup;
			children = (
				C648382125C608BB00C8082B /* GoogleService-Info.plist */,
				C601983925B78383004B4203 /* AppDelegate.swift */,
				C601983B25B78383004B4203 /* SceneDelegate.swift */,
			);
			path = Application;
			sourceTree = "<group>";
		};
		C601AD0525D85377005E8711 /* Runway */ = {
			isa = PBXGroup;
			children = (
				C601AD0625D85397005E8711 /* EditTitleField.swift */,
			);
			path = Runway;
			sourceTree = "<group>";
		};
		C60E9F7F25BA357300D97991 /* Models */ = {
			isa = PBXGroup;
			children = (
				C648380B25C5DC0800C8082B /* Clothing.swift */,
				C60E9F8025BA358C00D97991 /* Folder.swift */,
				C60003DD25D8C379008472BB /* Message.swift */,
				C6B0A4AC25D34D780090A70F /* Runway.swift */,
				C68BCD5925C732E20002B376 /* User.swift */,
			);
			path = Models;
			sourceTree = "<group>";
		};
		C60E9F8825BA37F100D97991 /* Extensions */ = {
			isa = PBXGroup;
			children = (
				C648381325C5E30400C8082B /* Date+Ext.swift */,
				C62E9D2B25D4B00B007FE502 /* String+Ext.swift */,
				C60E9F8925BA37FA00D97991 /* UIColor+Ext.swift */,
				C66D718825BE0BEE008BC818 /* UIStackView+Ext.swift */,
				C6C6D4F025BE15F300E4C0B8 /* UITableView+Ext.swift */,
				C68BCD7225C76C3C0002B376 /* UIViewController+Ext.swift */,
			);
			path = Extensions;
			sourceTree = "<group>";
		};
		C612AD3325EC837E00D54062 /* Inputs */ = {
			isa = PBXGroup;
			children = (
				C63B0B6325B8C2180065F813 /* AMTextField.swift */,
				C6AA152C25BCBD0E0095ADA0 /* AMTextView.swift */,
			);
			path = Inputs;
			sourceTree = "<group>";
		};
		C612AD3525EC83BC00D54062 /* Image Views */ = {
			isa = PBXGroup;
			children = (
				C6AC1BA625CA0B190076777B /* AMImageView.swift */,
			);
			path = "Image Views";
			sourceTree = "<group>";
		};
		C63B0B5C25B8C1FD0065F813 /* Labels */ = {
			isa = PBXGroup;
			children = (
				C62E0C3F25B8BC110078065A /* AMBodyLabel.swift */,
				C6EE84BA25B8BE8000986BF4 /* AMPrimaryLabel.swift */,
			);
			path = Labels;
			sourceTree = "<group>";
		};
		C63B0B7325B8DCD70065F813 /* Cells */ = {
			isa = PBXGroup;
			children = (
				C6839A9425E1A86D0065153D /* Profile */,
				C63B0B7425B8DCE20065F813 /* ClothingCell.swift */,
				C6216D4125D9C45900DBE66F /* CriticChatCell.swift */,
				C63B0B7C25B8DCEA0065F813 /* FolderCell.swift */,
				C60003E125D8C3C0008472BB /* MessageCell.swift */,
				C6B0A4A825D345EC0090A70F /* RunwayCell.swift */,
			);
			path = Cells;
			sourceTree = "<group>";
		};
		C63B0B8A25B9317D0065F813 /* Data Sources */ = {
			isa = PBXGroup;
			children = (
				C6AA153625BCC58D0095ADA0 /* ClothesDataSource.swift */,
				C63B0B8B25B931980065F813 /* FolderDataSource.swift */,
				C6B0A4B025D357430090A70F /* RunwayDataSource.swift */,
			);
			path = "Data Sources";
			sourceTree = "<group>";
		};
		C648381B25C607AE00C8082B /* Managers */ = {
			isa = PBXGroup;
			children = (
				C648381C25C607C600C8082B /* FirebaseManager.swift */,
				C6AC1BA225CA0A780076777B /* NetworkManager.swift */,
			);
			path = Managers;
			sourceTree = "<group>";
		};
		C658E7BC25B7890B000F8F50 /* Subclasses */ = {
			isa = PBXGroup;
			children = (
				C6DFC04C25BF78C4002BC018 /* Canvas */,
				C63B0B7325B8DCD70065F813 /* Cells */,
				C6716F2125C106AE00D0CFF2 /* Closet */,
				C67E11E225CCB5C100D0E77C /* Controls */,
				C63B0B8A25B9317D0065F813 /* Data Sources */,
				C612AD3525EC83BC00D54062 /* Image Views */,
				C612AD3325EC837E00D54062 /* Inputs */,
				C63B0B5C25B8C1FD0065F813 /* Labels */,
				C658E7E525B79023000F8F50 /* Navigation */,
				C66F9DE725E1DF0400B04144 /* Profile */,
				C601AD0525D85377005E8711 /* Runway */,
			);
			path = Subclasses;
			sourceTree = "<group>";
		};
		C658E7E525B79023000F8F50 /* Navigation */ = {
			isa = PBXGroup;
			children = (
				C658E7CD25B78D31000F8F50 /* AMNavigationController.swift */,
				C658E7E025B7901F000F8F50 /* AMTabBarController.swift */,
			);
			path = Navigation;
			sourceTree = "<group>";
		};
		C66D717425BDED68008BC818 /* Fonts */ = {
			isa = PBXGroup;
			children = (
				C601987425B78421004B4203 /* Quicksand-Bold.ttf */,
				C601987525B78421004B4203 /* Quicksand-Light.ttf */,
				C601987625B78421004B4203 /* Quicksand-Medium.ttf */,
				C601987825B78421004B4203 /* Quicksand-Regular.ttf */,
				C601987725B78421004B4203 /* Quicksand-SemiBold.ttf */,
			);
			path = Fonts;
			sourceTree = "<group>";
		};
		C66F9DE725E1DF0400B04144 /* Profile */ = {
			isa = PBXGroup;
			children = (
				C66F9DE825E1DF1A00B04144 /* ProfileHeaderView.swift */,
			);
			path = Profile;
			sourceTree = "<group>";
		};
		C66F9E1C25E1EE3000B04144 /* Account */ = {
			isa = PBXGroup;
			children = (
				C6839AA025E1B1DE0065153D /* AccountScreen.swift */,
				C66F9E1925E1EE1A00B04144 /* AvatarScreen.swift */,
				C66F9E1325E1EE0800B04144 /* EmailScreen.swift */,
				C66F9E1625E1EE1300B04144 /* PasswordScreen.swift */,
				C66F9E1025E1EDFC00B04144 /* UsernameScreen.swift */,
			);
			path = Account;
			sourceTree = "<group>";
		};
		C6716F2125C106AE00D0CFF2 /* Closet */ = {
			isa = PBXGroup;
			children = (
				C671BE5E25C0D3C6002D1B62 /* AdditionalFieldsView.swift */,
				C6716F2225C106DC00D0CFF2 /* PrimaryFieldsViewController.swift */,
			);
			path = Closet;
			sourceTree = "<group>";
		};
		C673CFF825B7ABA100D3E765 /* Closet */ = {
			isa = PBXGroup;
			children = (
				C601983D25B78383004B4203 /* ClosetScreen.swift */,
				C64CDAEE25D2112B005F3ACD /* ClothingFormScreen.swift */,
				C63B0B8125B8F08E0065F813 /* ClothingScreen.swift */,
				C6D8C60C25CF950E00B49301 /* FolderFormScreen.swift */,
				C63B0B6E25B8DACD0065F813 /* FolderScreen.swift */,
				C6C13A9325CCD70E007CE2E1 /* ImageViewerScreen.swift */,
			);
			path = Closet;
			sourceTree = "<group>";
		};
		C673CFFB25B7ABCF00D3E765 /* Profile */ = {
			isa = PBXGroup;
			children = (
				C66F9E1C25E1EE3000B04144 /* Account */,
				C6839AA625E1B2030065153D /* AboutScreen.swift */,
				C6839AA325E1B1FC0065153D /* NotificationsScreen.swift */,
				C673CFFD25B7ABE800D3E765 /* ProfileScreen.swift */,
				C6839AA925E1B20A0065153D /* TipJarScreen.swift */,
			);
			path = Profile;
			sourceTree = "<group>";
		};
		C673CFFC25B7ABD700D3E765 /* Runway */ = {
			isa = PBXGroup;
			children = (
				C6EAA14C25BE214300C727B3 /* CanvasScene.swift */,
				C6EAA14725BE1FB900C727B3 /* CanvasScreen.swift */,
				C60003D925D8C26A008472BB /* CriticChatScreen.swift */,
				C60003E625D8D30A008472BB /* CriticListScreen.swift */,
				C62E9D2725D48914007FE502 /* ItemSearchScreen.swift */,
				C673D00525B7AC3C00D3E765 /* RunwayScreen.swift */,
			);
			path = Runway;
			sourceTree = "<group>";
		};
		C67E11E225CCB5C100D0E77C /* Controls */ = {
			isa = PBXGroup;
			children = (
				C670A0F725BD31CA000A1405 /* AMBarButtonItem.swift */,
				C6A9C1D325B7CE8600C22F29 /* AMButton.swift */,
				C67E11C325CCABE400D0E77C /* AMLinkButton.swift */,
				C6AA153125BCBDF00095ADA0 /* AMSwitch.swift */,
			);
			path = Controls;
			sourceTree = "<group>";
		};
		C6839A9425E1A86D0065153D /* Profile */ = {
			isa = PBXGroup;
			children = (
				C6839A9525E1A8880065153D /* AvatarCell.swift */,
			);
			path = Profile;
			sourceTree = "<group>";
		};
		C6DFC04C25BF78C4002BC018 /* Canvas */ = {
			isa = PBXGroup;
			children = (
				C6DFC04725BF77E6002BC018 /* AMCanvasButton.swift */,
				C6DFC04225BF5269002BC018 /* CanvasControlsView.swift */,
			);
			path = Canvas;
			sourceTree = "<group>";
		};
		C86EE372AD7C8F456C07EF99 /* Frameworks */ = {
			isa = PBXGroup;
			children = (
				850AD35AB4ABB34A197A0BFC /* Pods_Armoire.framework */,
			);
			name = Frameworks;
			sourceTree = "<group>";
		};
/* End PBXGroup section */

/* Begin PBXNativeTarget section */
		C601983525B78383004B4203 /* Armoire */ = {
			isa = PBXNativeTarget;
			buildConfigurationList = C601986325B78387004B4203 /* Build configuration list for PBXNativeTarget "Armoire" */;
			buildPhases = (
				3673EB30C9768DB929E15F2A /* [CP] Check Pods Manifest.lock */,
				C601983225B78383004B4203 /* Sources */,
				C601983325B78383004B4203 /* Frameworks */,
				C601983425B78383004B4203 /* Resources */,
				D5CF5F91B418383C865E609A /* [CP] Embed Pods Frameworks */,
				0EB53AB072E3B1FAA616E0B0 /* [CP] Copy Pods Resources */,
			);
			buildRules = (
			);
			dependencies = (
			);
			name = Armoire;
			productName = Armoire;
			productReference = C601983625B78383004B4203 /* Armoire.app */;
			productType = "com.apple.product-type.application";
		};
/* End PBXNativeTarget section */

/* Begin PBXProject section */
		C601982E25B78383004B4203 /* Project object */ = {
			isa = PBXProject;
			attributes = {
				LastSwiftUpdateCheck = 1230;
				LastUpgradeCheck = 1230;
				TargetAttributes = {
					C601983525B78383004B4203 = {
						CreatedOnToolsVersion = 12.3;
					};
				};
			};
			buildConfigurationList = C601983125B78383004B4203 /* Build configuration list for PBXProject "Armoire" */;
			compatibilityVersion = "Xcode 9.3";
			developmentRegion = en;
			hasScannedForEncodings = 0;
			knownRegions = (
				en,
				Base,
			);
			mainGroup = C601982D25B78383004B4203;
			productRefGroup = C601983725B78383004B4203 /* Products */;
			projectDirPath = "";
			projectRoot = "";
			targets = (
				C601983525B78383004B4203 /* Armoire */,
			);
		};
/* End PBXProject section */

/* Begin PBXResourcesBuildPhase section */
		C601983425B78383004B4203 /* Resources */ = {
			isa = PBXResourcesBuildPhase;
			buildActionMask = 2147483647;
			files = (
				C601987925B78421004B4203 /* Quicksand-Bold.ttf in Resources */,
				C601987D25B78421004B4203 /* Quicksand-Regular.ttf in Resources */,
				C601984625B78386004B4203 /* Assets.xcassets in Resources */,
				C601987C25B78421004B4203 /* Quicksand-SemiBold.ttf in Resources */,
				C601987A25B78421004B4203 /* Quicksand-Light.ttf in Resources */,
				C601987B25B78421004B4203 /* Quicksand-Medium.ttf in Resources */,
				C648382225C608BB00C8082B /* GoogleService-Info.plist in Resources */,
			);
			runOnlyForDeploymentPostprocessing = 0;
		};
/* End PBXResourcesBuildPhase section */

/* Begin PBXShellScriptBuildPhase section */
		0EB53AB072E3B1FAA616E0B0 /* [CP] Copy Pods Resources */ = {
			isa = PBXShellScriptBuildPhase;
			buildActionMask = 2147483647;
			files = (
			);
			inputFileListPaths = (
				"${PODS_ROOT}/Target Support Files/Pods-Armoire/Pods-Armoire-resources-${CONFIGURATION}-input-files.xcfilelist",
			);
			name = "[CP] Copy Pods Resources";
			outputFileListPaths = (
				"${PODS_ROOT}/Target Support Files/Pods-Armoire/Pods-Armoire-resources-${CONFIGURATION}-output-files.xcfilelist",
			);
			runOnlyForDeploymentPostprocessing = 0;
			shellPath = /bin/sh;
			shellScript = "\"${PODS_ROOT}/Target Support Files/Pods-Armoire/Pods-Armoire-resources.sh\"\n";
			showEnvVarsInLog = 0;
		};
		3673EB30C9768DB929E15F2A /* [CP] Check Pods Manifest.lock */ = {
			isa = PBXShellScriptBuildPhase;
			buildActionMask = 2147483647;
			files = (
			);
			inputFileListPaths = (
			);
			inputPaths = (
				"${PODS_PODFILE_DIR_PATH}/Podfile.lock",
				"${PODS_ROOT}/Manifest.lock",
			);
			name = "[CP] Check Pods Manifest.lock";
			outputFileListPaths = (
			);
			outputPaths = (
				"$(DERIVED_FILE_DIR)/Pods-Armoire-checkManifestLockResult.txt",
			);
			runOnlyForDeploymentPostprocessing = 0;
			shellPath = /bin/sh;
			shellScript = "diff \"${PODS_PODFILE_DIR_PATH}/Podfile.lock\" \"${PODS_ROOT}/Manifest.lock\" > /dev/null\nif [ $? != 0 ] ; then\n    # print error to STDERR\n    echo \"error: The sandbox is not in sync with the Podfile.lock. Run 'pod install' or update your CocoaPods installation.\" >&2\n    exit 1\nfi\n# This output is used by Xcode 'outputs' to avoid re-running this script phase.\necho \"SUCCESS\" > \"${SCRIPT_OUTPUT_FILE_0}\"\n";
			showEnvVarsInLog = 0;
		};
		D5CF5F91B418383C865E609A /* [CP] Embed Pods Frameworks */ = {
			isa = PBXShellScriptBuildPhase;
			buildActionMask = 2147483647;
			files = (
			);
			inputFileListPaths = (
				"${PODS_ROOT}/Target Support Files/Pods-Armoire/Pods-Armoire-frameworks-${CONFIGURATION}-input-files.xcfilelist",
			);
			name = "[CP] Embed Pods Frameworks";
			outputFileListPaths = (
				"${PODS_ROOT}/Target Support Files/Pods-Armoire/Pods-Armoire-frameworks-${CONFIGURATION}-output-files.xcfilelist",
			);
			runOnlyForDeploymentPostprocessing = 0;
			shellPath = /bin/sh;
			shellScript = "\"${PODS_ROOT}/Target Support Files/Pods-Armoire/Pods-Armoire-frameworks.sh\"\n";
			showEnvVarsInLog = 0;
		};
/* End PBXShellScriptBuildPhase section */

/* Begin PBXSourcesBuildPhase section */
		C601983225B78383004B4203 /* Sources */ = {
			isa = PBXSourcesBuildPhase;
			buildActionMask = 2147483647;
			files = (
				C648381D25C607C600C8082B /* FirebaseManager.swift in Sources */,
				C601983E25B78383004B4203 /* ClosetScreen.swift in Sources */,
				C670A0F825BD31CA000A1405 /* AMBarButtonItem.swift in Sources */,
				C673D00625B7AC3C00D3E765 /* RunwayScreen.swift in Sources */,
				C601983A25B78383004B4203 /* AppDelegate.swift in Sources */,
				C6839AA725E1B2030065153D /* AboutScreen.swift in Sources */,
				C6216D4225D9C45900DBE66F /* CriticChatCell.swift in Sources */,
				C63B0B6425B8C2180065F813 /* AMTextField.swift in Sources */,
				C64CDAEF25D2112B005F3ACD /* ClothingFormScreen.swift in Sources */,
				C6AA153725BCC58D0095ADA0 /* ClothesDataSource.swift in Sources */,
				C658E7CE25B78D31000F8F50 /* AMNavigationController.swift in Sources */,
				C60003DA25D8C26A008472BB /* CriticChatScreen.swift in Sources */,
				C648381425C5E30400C8082B /* Date+Ext.swift in Sources */,
				C60003E225D8C3C0008472BB /* MessageCell.swift in Sources */,
				C6AC1BA725CA0B190076777B /* AMImageView.swift in Sources */,
				C66F9E1A25E1EE1A00B04144 /* AvatarScreen.swift in Sources */,
				C68BCD7325C76C3C0002B376 /* UIViewController+Ext.swift in Sources */,
				C671BE5F25C0D3C7002D1B62 /* AdditionalFieldsView.swift in Sources */,
				C601983C25B78383004B4203 /* SceneDelegate.swift in Sources */,
				C66D718925BE0BEE008BC818 /* UIStackView+Ext.swift in Sources */,
				C6716F2325C106DC00D0CFF2 /* PrimaryFieldsViewController.swift in Sources */,
				C601988325B7843B004B4203 /* constants.swift in Sources */,
				C6A9C1D425B7CE8600C22F29 /* AMButton.swift in Sources */,
				C66F9E1725E1EE1300B04144 /* PasswordScreen.swift in Sources */,
				C6839AAA25E1B20A0065153D /* TipJarScreen.swift in Sources */,
				C62E9D2C25D4B00B007FE502 /* String+Ext.swift in Sources */,
				C60003E725D8D30A008472BB /* CriticListScreen.swift in Sources */,
				C6B0A4B125D357430090A70F /* RunwayDataSource.swift in Sources */,
				C60003DE25D8C379008472BB /* Message.swift in Sources */,
				C6AA152D25BCBD0E0095ADA0 /* AMTextView.swift in Sources */,
				C60E9F8125BA358C00D97991 /* Folder.swift in Sources */,
				C658E7E125B7901F000F8F50 /* AMTabBarController.swift in Sources */,
				C66F9DE925E1DF1A00B04144 /* ProfileHeaderView.swift in Sources */,
				C6839AA425E1B1FC0065153D /* NotificationsScreen.swift in Sources */,
				C63B0B8C25B931980065F813 /* FolderDataSource.swift in Sources */,
				C6C13A9425CCD70E007CE2E1 /* ImageViewerScreen.swift in Sources */,
				C601AD0725D85397005E8711 /* EditTitleField.swift in Sources */,
				C63B0B6F25B8DACD0065F813 /* FolderScreen.swift in Sources */,
				C6D8C60D25CF950E00B49301 /* FolderFormScreen.swift in Sources */,
				C6DFC04825BF77E6002BC018 /* AMCanvasButton.swift in Sources */,
				C6839A9625E1A8880065153D /* AvatarCell.swift in Sources */,
				C6AC1BA325CA0A780076777B /* NetworkManager.swift in Sources */,
				C648386F25C619F000C8082B /* AMError.swift in Sources */,
				C658E7C925B7896E000F8F50 /* UIHelper.swift in Sources */,
				C62E0C4025B8BC110078065A /* AMBodyLabel.swift in Sources */,
				C63B0B7525B8DCE20065F813 /* ClothingCell.swift in Sources */,
				C6EAA14D25BE214300C727B3 /* CanvasScene.swift in Sources */,
				C68BCD5A25C732E20002B376 /* User.swift in Sources */,
				C648380C25C5DC0800C8082B /* Clothing.swift in Sources */,
				C6DFC04325BF5269002BC018 /* CanvasControlsView.swift in Sources */,
				C6EE84BB25B8BE8000986BF4 /* AMPrimaryLabel.swift in Sources */,
				C66F9E1425E1EE0800B04144 /* EmailScreen.swift in Sources */,
				C63B0B8225B8F08E0065F813 /* ClothingScreen.swift in Sources */,
				C66F9E1125E1EDFC00B04144 /* UsernameScreen.swift in Sources */,
				C6B0A4AD25D34D780090A70F /* Runway.swift in Sources */,
				C615893E25E1A5DA00FBB5EE /* CellType.swift in Sources */,
				C6AA153225BCBDF00095ADA0 /* AMSwitch.swift in Sources */,
				C626955A25EE99DA00256208 /* LoginScreen.swift in Sources */,
				C67E11C425CCABE500D0E77C /* AMLinkButton.swift in Sources */,
				C6B0A4A925D345EC0090A70F /* RunwayCell.swift in Sources */,
				C6EAA14825BE1FB900C727B3 /* CanvasScreen.swift in Sources */,
				C658E7D925B78FE8000F8F50 /* previews.swift in Sources */,
				C62E9D2825D48914007FE502 /* ItemSearchScreen.swift in Sources */,
				C6839AA125E1B1DE0065153D /* AccountScreen.swift in Sources */,
				C60E9F8A25BA37FA00D97991 /* UIColor+Ext.swift in Sources */,
				C6C6D4F125BE15F300E4C0B8 /* UITableView+Ext.swift in Sources */,
				C673CFFE25B7ABE800D3E765 /* ProfileScreen.swift in Sources */,
				C63B0B7D25B8DCEA0065F813 /* FolderCell.swift in Sources */,
			);
			runOnlyForDeploymentPostprocessing = 0;
		};
/* End PBXSourcesBuildPhase section */

/* Begin XCBuildConfiguration section */
		C601986125B78387004B4203 /* Debug */ = {
			isa = XCBuildConfiguration;
			buildSettings = {
				ALWAYS_SEARCH_USER_PATHS = NO;
				CLANG_ANALYZER_NONNULL = YES;
				CLANG_ANALYZER_NUMBER_OBJECT_CONVERSION = YES_AGGRESSIVE;
				CLANG_CXX_LANGUAGE_STANDARD = "gnu++14";
				CLANG_CXX_LIBRARY = "libc++";
				CLANG_ENABLE_MODULES = YES;
				CLANG_ENABLE_OBJC_ARC = YES;
				CLANG_ENABLE_OBJC_WEAK = YES;
				CLANG_WARN_BLOCK_CAPTURE_AUTORELEASING = YES;
				CLANG_WARN_BOOL_CONVERSION = YES;
				CLANG_WARN_COMMA = YES;
				CLANG_WARN_CONSTANT_CONVERSION = YES;
				CLANG_WARN_DEPRECATED_OBJC_IMPLEMENTATIONS = YES;
				CLANG_WARN_DIRECT_OBJC_ISA_USAGE = YES_ERROR;
				CLANG_WARN_DOCUMENTATION_COMMENTS = YES;
				CLANG_WARN_EMPTY_BODY = YES;
				CLANG_WARN_ENUM_CONVERSION = YES;
				CLANG_WARN_INFINITE_RECURSION = YES;
				CLANG_WARN_INT_CONVERSION = YES;
				CLANG_WARN_NON_LITERAL_NULL_CONVERSION = YES;
				CLANG_WARN_OBJC_IMPLICIT_RETAIN_SELF = YES;
				CLANG_WARN_OBJC_LITERAL_CONVERSION = YES;
				CLANG_WARN_OBJC_ROOT_CLASS = YES_ERROR;
				CLANG_WARN_QUOTED_INCLUDE_IN_FRAMEWORK_HEADER = YES;
				CLANG_WARN_RANGE_LOOP_ANALYSIS = YES;
				CLANG_WARN_STRICT_PROTOTYPES = YES;
				CLANG_WARN_SUSPICIOUS_MOVE = YES;
				CLANG_WARN_UNGUARDED_AVAILABILITY = YES_AGGRESSIVE;
				CLANG_WARN_UNREACHABLE_CODE = YES;
				CLANG_WARN__DUPLICATE_METHOD_MATCH = YES;
				COPY_PHASE_STRIP = NO;
				DEBUG_INFORMATION_FORMAT = dwarf;
				ENABLE_STRICT_OBJC_MSGSEND = YES;
				ENABLE_TESTABILITY = YES;
				GCC_C_LANGUAGE_STANDARD = gnu11;
				GCC_DYNAMIC_NO_PIC = NO;
				GCC_NO_COMMON_BLOCKS = YES;
				GCC_OPTIMIZATION_LEVEL = 0;
				GCC_PREPROCESSOR_DEFINITIONS = (
					"DEBUG=1",
					"$(inherited)",
				);
				GCC_WARN_64_TO_32_BIT_CONVERSION = YES;
				GCC_WARN_ABOUT_RETURN_TYPE = YES_ERROR;
				GCC_WARN_UNDECLARED_SELECTOR = YES;
				GCC_WARN_UNINITIALIZED_AUTOS = YES_AGGRESSIVE;
				GCC_WARN_UNUSED_FUNCTION = YES;
				GCC_WARN_UNUSED_VARIABLE = YES;
				IPHONEOS_DEPLOYMENT_TARGET = 14.3;
				MTL_ENABLE_DEBUG_INFO = INCLUDE_SOURCE;
				MTL_FAST_MATH = YES;
				ONLY_ACTIVE_ARCH = YES;
				SDKROOT = iphoneos;
				SWIFT_ACTIVE_COMPILATION_CONDITIONS = DEBUG;
				SWIFT_OPTIMIZATION_LEVEL = "-Onone";
			};
			name = Debug;
		};
		C601986225B78387004B4203 /* Release */ = {
			isa = XCBuildConfiguration;
			buildSettings = {
				ALWAYS_SEARCH_USER_PATHS = NO;
				CLANG_ANALYZER_NONNULL = YES;
				CLANG_ANALYZER_NUMBER_OBJECT_CONVERSION = YES_AGGRESSIVE;
				CLANG_CXX_LANGUAGE_STANDARD = "gnu++14";
				CLANG_CXX_LIBRARY = "libc++";
				CLANG_ENABLE_MODULES = YES;
				CLANG_ENABLE_OBJC_ARC = YES;
				CLANG_ENABLE_OBJC_WEAK = YES;
				CLANG_WARN_BLOCK_CAPTURE_AUTORELEASING = YES;
				CLANG_WARN_BOOL_CONVERSION = YES;
				CLANG_WARN_COMMA = YES;
				CLANG_WARN_CONSTANT_CONVERSION = YES;
				CLANG_WARN_DEPRECATED_OBJC_IMPLEMENTATIONS = YES;
				CLANG_WARN_DIRECT_OBJC_ISA_USAGE = YES_ERROR;
				CLANG_WARN_DOCUMENTATION_COMMENTS = YES;
				CLANG_WARN_EMPTY_BODY = YES;
				CLANG_WARN_ENUM_CONVERSION = YES;
				CLANG_WARN_INFINITE_RECURSION = YES;
				CLANG_WARN_INT_CONVERSION = YES;
				CLANG_WARN_NON_LITERAL_NULL_CONVERSION = YES;
				CLANG_WARN_OBJC_IMPLICIT_RETAIN_SELF = YES;
				CLANG_WARN_OBJC_LITERAL_CONVERSION = YES;
				CLANG_WARN_OBJC_ROOT_CLASS = YES_ERROR;
				CLANG_WARN_QUOTED_INCLUDE_IN_FRAMEWORK_HEADER = YES;
				CLANG_WARN_RANGE_LOOP_ANALYSIS = YES;
				CLANG_WARN_STRICT_PROTOTYPES = YES;
				CLANG_WARN_SUSPICIOUS_MOVE = YES;
				CLANG_WARN_UNGUARDED_AVAILABILITY = YES_AGGRESSIVE;
				CLANG_WARN_UNREACHABLE_CODE = YES;
				CLANG_WARN__DUPLICATE_METHOD_MATCH = YES;
				COPY_PHASE_STRIP = NO;
				DEBUG_INFORMATION_FORMAT = "dwarf-with-dsym";
				ENABLE_NS_ASSERTIONS = NO;
				ENABLE_STRICT_OBJC_MSGSEND = YES;
				GCC_C_LANGUAGE_STANDARD = gnu11;
				GCC_NO_COMMON_BLOCKS = YES;
				GCC_WARN_64_TO_32_BIT_CONVERSION = YES;
				GCC_WARN_ABOUT_RETURN_TYPE = YES_ERROR;
				GCC_WARN_UNDECLARED_SELECTOR = YES;
				GCC_WARN_UNINITIALIZED_AUTOS = YES_AGGRESSIVE;
				GCC_WARN_UNUSED_FUNCTION = YES;
				GCC_WARN_UNUSED_VARIABLE = YES;
				IPHONEOS_DEPLOYMENT_TARGET = 14.3;
				MTL_ENABLE_DEBUG_INFO = NO;
				MTL_FAST_MATH = YES;
				SDKROOT = iphoneos;
				SWIFT_COMPILATION_MODE = wholemodule;
				SWIFT_OPTIMIZATION_LEVEL = "-O";
				VALIDATE_PRODUCT = YES;
			};
			name = Release;
		};
		C601986425B78387004B4203 /* Debug */ = {
			isa = XCBuildConfiguration;
			baseConfigurationReference = 345BABCA796DCB781B1DF126 /* Pods-Armoire.debug.xcconfig */;
			buildSettings = {
				ASSETCATALOG_COMPILER_APPICON_NAME = AppIcon;
				ASSETCATALOG_COMPILER_GLOBAL_ACCENT_COLOR_NAME = AccentColor;
				CODE_SIGN_STYLE = Automatic;
				DEVELOPMENT_TEAM = DU8BZ7Q774;
				INFOPLIST_FILE = Armoire/Info.plist;
				LD_RUNPATH_SEARCH_PATHS = (
					"$(inherited)",
					"@executable_path/Frameworks",
				);
				PRODUCT_BUNDLE_IDENTIFIER = com.jerryturcios.Armoire;
				PRODUCT_NAME = "$(TARGET_NAME)";
				SWIFT_VERSION = 5.0;
				TARGETED_DEVICE_FAMILY = "1,2";
			};
			name = Debug;
		};
		C601986525B78387004B4203 /* Release */ = {
			isa = XCBuildConfiguration;
			baseConfigurationReference = F3B933E3C3206FEB502DAD33 /* Pods-Armoire.release.xcconfig */;
			buildSettings = {
				ASSETCATALOG_COMPILER_APPICON_NAME = AppIcon;
				ASSETCATALOG_COMPILER_GLOBAL_ACCENT_COLOR_NAME = AccentColor;
				CODE_SIGN_STYLE = Automatic;
				DEVELOPMENT_TEAM = DU8BZ7Q774;
				INFOPLIST_FILE = Armoire/Info.plist;
				LD_RUNPATH_SEARCH_PATHS = (
					"$(inherited)",
					"@executable_path/Frameworks",
				);
				PRODUCT_BUNDLE_IDENTIFIER = com.jerryturcios.Armoire;
				PRODUCT_NAME = "$(TARGET_NAME)";
				SWIFT_VERSION = 5.0;
				TARGETED_DEVICE_FAMILY = "1,2";
			};
			name = Release;
		};
/* End XCBuildConfiguration section */

/* Begin XCConfigurationList section */
		C601983125B78383004B4203 /* Build configuration list for PBXProject "Armoire" */ = {
			isa = XCConfigurationList;
			buildConfigurations = (
				C601986125B78387004B4203 /* Debug */,
				C601986225B78387004B4203 /* Release */,
			);
			defaultConfigurationIsVisible = 0;
			defaultConfigurationName = Release;
		};
		C601986325B78387004B4203 /* Build configuration list for PBXNativeTarget "Armoire" */ = {
			isa = XCConfigurationList;
			buildConfigurations = (
				C601986425B78387004B4203 /* Debug */,
				C601986525B78387004B4203 /* Release */,
			);
			defaultConfigurationIsVisible = 0;
			defaultConfigurationName = Release;
		};
/* End XCConfigurationList section */
	};
	rootObject = C601982E25B78383004B4203 /* Project object */;
}
